{
  "name": "okiba-scroller",
  "version": "1.0.0",
  "lockfileVersion": 1,
  "requires": true,
  "dependencies": {
    "@okiba/arrays": {
      "version": "0.0.8",
      "resolved": "https://registry.npmjs.org/@okiba/arrays/-/arrays-0.0.8.tgz",
      "integrity": "sha512-7yOFSWvp1KE2yj65t/QTmVfnG3L1PGAIX29MtOjA13C7zabtf0GIyCNiyJtVcroup4u0uQlZMRFnlLeEgFcXPA=="
    },
    "@okiba/dom": {
      "version": "0.0.10",
      "resolved": "https://registry.npmjs.org/@okiba/dom/-/dom-0.0.10.tgz",
      "integrity": "sha512-6qvtQgZHRbnLK1PEZsMhwo2pnHUL2pNr0oGJJbawVD+NwFyG3saPZ28xqsQTBmseQf89MhDRVPbps+wYkFQVyg==",
      "requires": {
        "@okiba/arrays": "0.0.8"
      }
    }
  }
}
